
Microsoft Visual Studio Solution File, Format Version 12.00
Project("{FAE04EC0-301F-11D3-BF4B-00C04F79EFBC}") = "ChadRedditBlazor", "ChadRedditBlazor\ChadRedditBlazor.csproj", "{5C220D30-6B5A-4642-9285-9BABC105687C}"
EndProject
Project("{FAE04EC0-301F-11D3-BF4B-00C04F79EFBC}") = "WebApi", "WebApi\WebApi.csproj", "{4F29FF83-561A-4335-94D4-541379BCD16B}"
EndProject
Project("{FAE04EC0-301F-11D3-BF4B-00C04F79EFBC}") = "Domain", "Domain\Domain.csproj", "{F2B137AE-890D-45DB-8DBA-079529E06152}"
EndProject
Project("{FAE04EC0-301F-11D3-BF4B-00C04F79EFBC}") = "Application", "Application\Application.csproj", "{860A63E0-6ADD-46BD-9B8E-601C6B46C582}"
EndProject
Project("{FAE04EC0-301F-11D3-BF4B-00C04F79EFBC}") = "HttpClients", "HttpClients\HttpClients.csproj", "{20533258-BACC-4D9B-B9B5-508662A7627A}"
EndProject
Project("{FAE04EC0-301F-11D3-BF4B-00C04F79EFBC}") = "EfcDataAccess", "EfcDataAccess\EfcDataAccess.csproj", "{805EDFEF-73C4-47CD-BBB3-6C2A6DF16AA4}"
EndProject
Global
	GlobalSection(SolutionConfigurationPlatforms) = preSolution
		Debug|Any CPU = Debug|Any CPU
		Release|Any CPU = Release|Any CPU
	EndGlobalSection
	GlobalSection(ProjectConfigurationPlatforms) = postSolution
		{5C220D30-6B5A-4642-9285-9BABC105687C}.Debug|Any CPU.ActiveCfg = Debug|Any CPU
		{5C220D30-6B5A-4642-9285-9BABC105687C}.Debug|Any CPU.Build.0 = Debug|Any CPU
		{5C220D30-6B5A-4642-9285-9BABC105687C}.Release|Any CPU.ActiveCfg = Release|Any CPU
		{5C220D30-6B5A-4642-9285-9BABC105687C}.Release|Any CPU.Build.0 = Release|Any CPU
		{4F29FF83-561A-4335-94D4-541379BCD16B}.Debug|Any CPU.ActiveCfg = Debug|Any CPU
		{4F29FF83-561A-4335-94D4-541379BCD16B}.Debug|Any CPU.Build.0 = Debug|Any CPU
		{4F29FF83-561A-4335-94D4-541379BCD16B}.Release|Any CPU.ActiveCfg = Release|Any CPU
		{4F29FF83-561A-4335-94D4-541379BCD16B}.Release|Any CPU.Build.0 = Release|Any CPU
		{F2B137AE-890D-45DB-8DBA-079529E06152}.Debug|Any CPU.ActiveCfg = Debug|Any CPU
		{F2B137AE-890D-45DB-8DBA-079529E06152}.Debug|Any CPU.Build.0 = Debug|Any CPU
		{F2B137AE-890D-45DB-8DBA-079529E06152}.Release|Any CPU.ActiveCfg = Release|Any CPU
		{F2B137AE-890D-45DB-8DBA-079529E06152}.Release|Any CPU.Build.0 = Release|Any CPU
		{860A63E0-6ADD-46BD-9B8E-601C6B46C582}.Debug|Any CPU.ActiveCfg = Debug|Any CPU
		{860A63E0-6ADD-46BD-9B8E-601C6B46C582}.Debug|Any CPU.Build.0 = Debug|Any CPU
		{860A63E0-6ADD-46BD-9B8E-601C6B46C582}.Release|Any CPU.ActiveCfg = Release|Any CPU
		{860A63E0-6ADD-46BD-9B8E-601C6B46C582}.Release|Any CPU.Build.0 = Release|Any CPU
		{20533258-BACC-4D9B-B9B5-508662A7627A}.Debug|Any CPU.ActiveCfg = Debug|Any CPU
		{20533258-BACC-4D9B-B9B5-508662A7627A}.Debug|Any CPU.Build.0 = Debug|Any CPU
		{20533258-BACC-4D9B-B9B5-508662A7627A}.Release|Any CPU.ActiveCfg = Release|Any CPU
		{20533258-BACC-4D9B-B9B5-508662A7627A}.Release|Any CPU.Build.0 = Release|Any CPU
		{805EDFEF-73C4-47CD-BBB3-6C2A6DF16AA4}.Debug|Any CPU.ActiveCfg = Debug|Any CPU
		{805EDFEF-73C4-47CD-BBB3-6C2A6DF16AA4}.Debug|Any CPU.Build.0 = Debug|Any CPU
		{805EDFEF-73C4-47CD-BBB3-6C2A6DF16AA4}.Release|Any CPU.ActiveCfg = Release|Any CPU
		{805EDFEF-73C4-47CD-BBB3-6C2A6DF16AA4}.Release|Any CPU.Build.0 = Release|Any CPU
	EndGlobalSection
EndGlobal
